
Microsoft Visual Studio Solution File, Format Version 12.00
# Visual Studio Version 16
VisualStudioVersion = 16.0.30621.155
MinimumVisualStudioVersion = 10.0.40219.1
Project("{FAE04EC0-301F-11D3-BF4B-00C04F79EFBC}") = "MyNetServiceLib", "MyNetServiceLib\MyNetServiceLib.csproj", "{10D6E356-2EA3-4F72-B082-ED636D38193E}"
EndProject
Project("{FAE04EC0-301F-11D3-BF4B-00C04F79EFBC}") = "TestConsole", "TestConsole\TestConsole.csproj", "{CEFACD10-B37C-4976-9932-868E66A73DD5}"
EndProject
Global
	GlobalSection(SolutionConfigurationPlatforms) = preSolution
		Debug|Any CPU = Debug|Any CPU
		Release|Any CPU = Release|Any CPU
	EndGlobalSection
	GlobalSection(ProjectConfigurationPlatforms) = postSolution
		{10D6E356-2EA3-4F72-B082-ED636D38193E}.Debug|Any CPU.ActiveCfg = Debug|Any CPU
		{10D6E356-2EA3-4F72-B082-ED636D38193E}.Debug|Any CPU.Build.0 = Debug|Any CPU
		{10D6E356-2EA3-4F72-B082-ED636D38193E}.Release|Any CPU.ActiveCfg = Release|Any CPU
		{10D6E356-2EA3-4F72-B082-ED636D38193E}.Release|Any CPU.Build.0 = Release|Any CPU
		{CEFACD10-B37C-4976-9932-868E66A73DD5}.Debug|Any CPU.ActiveCfg = Debug|Any CPU
		{CEFACD10-B37C-4976-9932-868E66A73DD5}.Debug|Any CPU.Build.0 = Debug|Any CPU
		{CEFACD10-B37C-4976-9932-868E66A73DD5}.Release|Any CPU.ActiveCfg = Release|Any CPU
		{CEFACD10-B37C-4976-9932-868E66A73DD5}.Release|Any CPU.Build.0 = Release|Any CPU
	EndGlobalSection
	GlobalSection(SolutionProperties) = preSolution
		HideSolutionNode = FALSE
	EndGlobalSection
	GlobalSection(ExtensibilityGlobals) = postSolution
		SolutionGuid = {66FEA32D-AC4C-42B1-B3D9-0A8C6ECB5994}
	EndGlobalSection
EndGlobal
